// !$*UTF8*$!
{
	archiveVersion = 1;
	classes = {
	};
	objectVersion = 48;
	objects = {

/* Begin PBXBuildFile section */
		43EDB3D31FA85CFA00072D83 /* AppDelegate.swift in Sources */ = {isa = PBXBuildFile; fileRef = 43EDB3D21FA85CFA00072D83 /* AppDelegate.swift */; };
		43EDB3D51FA85CFA00072D83 /* ViewController.swift in Sources */ = {isa = PBXBuildFile; fileRef = 43EDB3D41FA85CFA00072D83 /* ViewController.swift */; };
		43EDB3D81FA85CFA00072D83 /* Main.storyboard in Resources */ = {isa = PBXBuildFile; fileRef = 43EDB3D61FA85CFA00072D83 /* Main.storyboard */; };
		43EDB3DA1FA85CFA00072D83 /* Assets.xcassets in Resources */ = {isa = PBXBuildFile; fileRef = 43EDB3D91FA85CFA00072D83 /* Assets.xcassets */; };
		43EDB3DD1FA85CFA00072D83 /* LaunchScreen.storyboard in Resources */ = {isa = PBXBuildFile; fileRef = 43EDB3DB1FA85CFA00072D83 /* LaunchScreen.storyboard */; };
/* End PBXBuildFile section */

/* Begin PBXFileReference section */
		43EDB3CF1FA85CFA00072D83 /* Subtitle.app */ = {isa = PBXFileReference; explicitFileType = wrapper.application; includeInIndex = 0; path = Subtitle.app; sourceTree = BUILT_PRODUCTS_DIR; };
		43EDB3D21FA85CFA00072D83 /* AppDelegate.swift */ = {isa = PBXFileReference; lastKnownFileType = sourcecode.swift; path = AppDelegate.swift; sourceTree = "<group>"; };
		43EDB3D41FA85CFA00072D83 /* ViewController.swift */ = {isa = PBXFileReference; lastKnownFileType = sourcecode.swift; path = ViewController.swift; sourceTree = "<group>"; };
		43EDB3D71FA85CFA00072D83 /* Base */ = {isa = PBXFileReference; lastKnownFileType = file.storyboard; name = Base; path = Base.lproj/Main.storyboard; sourceTree = "<group>"; };
		43EDB3D91FA85CFA00072D83 /* Assets.xcassets */ = {isa = PBXFileReference; lastKnownFileType = folder.assetcatalog; path = Assets.xcassets; sourceTree = "<group>"; };
		43EDB3DC1FA85CFA00072D83 /* Base */ = {isa = PBXFileReference; lastKnownFileType = file.storyboard; name = Base; path = Base.lproj/LaunchScreen.storyboard; sourceTree = "<group>"; };
		43EDB3DE1FA85CFA00072D83 /* Info.plist */ = {isa = PBXFileReference; lastKnownFileType = text.plist.xml; path = Info.plist; sourceTree = "<group>"; };
/* End PBXFileReference section */

/* Begin PBXFrameworksBuildPhase section */
		43EDB3CC1FA85CFA00072D83 /* Frameworks */ = {
			isa = PBXFrameworksBuildPhase;
			buildActionMask = 2147483647;
			files = (
			);
			runOnlyForDeploymentPostprocessing = 0;
		};
/* End PBXFrameworksBuildPhase section */

/* Begin PBXGroup section */
		43EDB3C61FA85CFA00072D83 = {
			isa = PBXGroup;
			children = (
				43EDB3D11FA85CFA00072D83 /* Subtitle */,
				43EDB3D01FA85CFA00072D83 /* Products */,
			);
			sourceTree = "<group>";
		};
		43EDB3D01FA85CFA00072D83 /* Products */ = {
			isa = PBXGroup;
			children = (
				43EDB3CF1FA85CFA00072D83 /* Subtitle.app */,
			);
			name = Products;
			sourceTree = "<group>";
		};
		43EDB3D11FA85CFA00072D83 /* Subtitle */ = {
			isa = PBXGroup;
			children = (
				43EDB3D21FA85CFA00072D83 /* AppDelegate.swift */,
				43EDB3D41FA85CFA00072D83 /* ViewController.swift */,
				43EDB3D61FA85CFA00072D83 /* Main.storyboard */,
				43EDB3D91FA85CFA00072D83 /* Assets.xcassets */,
				43EDB3DB1FA85CFA00072D83 /* LaunchScreen.storyboard */,
				43EDB3DE1FA85CFA00072D83 /* Info.plist */,
			);
			path = Subtitle;
			sourceTree = "<group>";
		};
/* End PBXGroup section */

/* Begin PBXNativeTarget section */
		43EDB3CE1FA85CFA00072D83 /* Subtitle */ = {
			isa = PBXNativeTarget;
			buildConfigurationList = 43EDB3E11FA85CFA00072D83 /* Build configuration list for PBXNativeTarget "Subtitle" */;
			buildPhases = (
				43EDB3CB1FA85CFA00072D83 /* Sources */,
				43EDB3CC1FA85CFA00072D83 /* Frameworks */,
				43EDB3CD1FA85CFA00072D83 /* Resources */,
			);
			buildRules = (
			);
			dependencies = (
			);
			name = Subtitle;
			productName = Subtitle;
			productReference = 43EDB3CF1FA85CFA00072D83 /* Subtitle.app */;
			productType = "com.apple.product-type.application";
		};
/* End PBXNativeTarget section */

/* Begin PBXProject section */
		43EDB3C71FA85CFA00072D83 /* Project object */ = {
			isa = PBXProject;
			attributes = {
				LastSwiftUpdateCheck = 0900;
				LastUpgradeCheck = 0900;
				ORGANIZATIONNAME = MonkeySolution;
				TargetAttributes = {
					43EDB3CE1FA85CFA00072D83 = {
						CreatedOnToolsVersion = 9.0;
						ProvisioningStyle = Automatic;
					};
				};
			};
			buildConfigurationList = 43EDB3CA1FA85CFA00072D83 /* Build configuration list for PBXProject "Subtitle" */;
			compatibilityVersion = "Xcode 8.0";
			developmentRegion = en;
			hasScannedForEncodings = 0;
			knownRegions = (
				en,
				Base,
			);
			mainGroup = 43EDB3C61FA85CFA00072D83;
			productRefGroup = 43EDB3D01FA85CFA00072D83 /* Products */;
			projectDirPath = "";
			projectRoot = "";
			targets = (
				43EDB3CE1FA85CFA00072D83 /* Subtitle */,
			);
		};
/* End PBXProject section */

/* Begin PBXResourcesBuildPhase section */
		43EDB3CD1FA85CFA00072D83 /* Resources */ = {
			isa = PBXResourcesBuildPhase;
			buildActionMask = 2147483647;
			files = (
				43EDB3DD1FA85CFA00072D83 /* LaunchScreen.storyboard in Resources */,
				43EDB3DA1FA85CFA00072D83 /* Assets.xcassets in Resources */,
				43EDB3D81FA85CFA00072D83 /* Main.storyboard in Resources */,
			);
			runOnlyForDeploymentPostprocessing = 0;
		};
/* End PBXResourcesBuildPhase section */

/* Begin PBXSourcesBuildPhase section */
		43EDB3CB1FA85CFA00072D83 /* Sources */ = {
			isa = PBXSourcesBuildPhase;
			buildActionMask = 2147483647;
			files = (
				43EDB3D51FA85CFA00072D83 /* ViewController.swift in Sources */,
				43EDB3D31FA85CFA00072D83 /* AppDelegate.swift in Sources */,
			);
			runOnlyForDeploymentPostprocessing = 0;
		};
/* End PBXSourcesBuildPhase section */

/* Begin PBXVariantGroup section */
		43EDB3D61FA85CFA00072D83 /* Main.storyboard */ = {
			isa = PBXVariantGroup;
			children = (
				43EDB3D71FA85CFA00072D83 /* Base */,
			);
			name = Main.storyboard;
			sourceTree = "<group>";
		};
		43EDB3DB1FA85CFA00072D83 /* LaunchScreen.storyboard */ = {
			isa = PBXVariantGroup;
			children = (
				43EDB3DC1FA85CFA00072D83 /* Base */,
			);
			name = LaunchScreen.storyboard;
			sourceTree = "<group>";
		};
/* End PBXVariantGroup section */

/* Begin XCBuildConfiguration section */
		43EDB3DF1FA85CFA00072D83 /* Debug */ = {
			isa = XCBuildConfiguration;
			buildSettings = {
				ALWAYS_SEARCH_USER_PATHS = NO;
				CLANG_ANALYZER_NONNULL = YES;
				CLANG_ANALYZER_NUMBER_OBJECT_CONVERSION = YES_AGGRESSIVE;
				CLANG_CXX_LANGUAGE_STANDARD = "gnu++14";
				CLANG_CXX_LIBRARY = "libc++";
				CLANG_ENABLE_MODULES = YES;
				CLANG_ENABLE_OBJC_ARC = YES;
				CLANG_WARN_BLOCK_CAPTURE_AUTORELEASING = YES;
				CLANG_WARN_BOOL_CONVERSION = YES;
				CLANG_WARN_COMMA = YES;
				CLANG_WARN_CONSTANT_CONVERSION = YES;
				CLANG_WARN_DIRECT_OBJC_ISA_USAGE = YES_ERROR;
				CLANG_WARN_DOCUMENTATION_COMMENTS = YES;
				CLANG_WARN_EMPTY_BODY = YES;
				CLANG_WARN_ENUM_CONVERSION = YES;
				CLANG_WARN_INFINITE_RECURSION = YES;
				CLANG_WARN_INT_CONVERSION = YES;
				CLANG_WARN_NON_LITERAL_NULL_CONVERSION = YES;
				CLANG_WARN_OBJC_LITERAL_CONVERSION = YES;
				CLANG_WARN_OBJC_ROOT_CLASS = YES_ERROR;
				CLANG_WARN_RANGE_LOOP_ANALYSIS = YES;
				CLANG_WARN_STRICT_PROTOTYPES = YES;
				CLANG_WARN_SUSPICIOUS_MOVE = YES;
				CLANG_WARN_UNGUARDED_AVAILABILITY = YES_AGGRESSIVE;
				CLANG_WARN_UNREACHABLE_CODE = YES;
				CLANG_WARN__DUPLICATE_METHOD_MATCH = YES;
				CODE_SIGN_IDENTITY = "iPhone Developer";
				COPY_PHASE_STRIP = NO;
				DEBUG_INFORMATION_FORMAT = dwarf;
				ENABLE_STRICT_OBJC_MSGSEND = YES;
				ENABLE_TESTABILITY = YES;
				GCC_C_LANGUAGE_STANDARD = gnu11;
				GCC_DYNAMIC_NO_PIC = NO;
				GCC_NO_COMMON_BLOCKS = YES;
				GCC_OPTIMIZATION_LEVEL = 0;
				GCC_PREPROCESSOR_DEFINITIONS = (
					"DEBUG=1",
					"$(inherited)",
				);
				GCC_WARN_64_TO_32_BIT_CONVERSION = YES;
				GCC_WARN_ABOUT_RETURN_TYPE = YES_ERROR;
				GCC_WARN_UNDECLARED_SELECTOR = YES;
				GCC_WARN_UNINITIALIZED_AUTOS = YES_AGGRESSIVE;
				GCC_WARN_UNUSED_FUNCTION = YES;
				GCC_WARN_UNUSED_VARIABLE = YES;
				IPHONEOS_DEPLOYMENT_TARGET = 11.0;
				MTL_ENABLE_DEBUG_INFO = YES;
				ONLY_ACTIVE_ARCH = YES;
				SDKROOT = iphoneos;
				SWIFT_ACTIVE_COMPILATION_CONDITIONS = DEBUG;
				SWIFT_OPTIMIZATION_LEVEL = "-Onone";
			};
			name = Debug;
		};
		43EDB3E01FA85CFA00072D83 /* Release */ = {
			isa = XCBuildConfiguration;
			buildSettings = {
				ALWAYS_SEARCH_USER_PATHS = NO;
				CLANG_ANALYZER_NONNULL = YES;
				CLANG_ANALYZER_NUMBER_OBJECT_CONVERSION = YES_AGGRESSIVE;
				CLANG_CXX_LANGUAGE_STANDARD = "gnu++14";
				CLANG_CXX_LIBRARY = "libc++";
				CLANG_ENABLE_MODULES = YES;
				CLANG_ENABLE_OBJC_ARC = YES;
				CLANG_WARN_BLOCK_CAPTURE_AUTORELEASING = YES;
				CLANG_WARN_BOOL_CONVERSION = YES;
				CLANG_WARN_COMMA = YES;
				CLANG_WARN_CONSTANT_CONVERSION = YES;
				CLANG_WARN_DIRECT_OBJC_ISA_USAGE = YES_ERROR;
				CLANG_WARN_DOCUMENTATION_COMMENTS = YES;
				CLANG_WARN_EMPTY_BODY = YES;
				CLANG_WARN_ENUM_CONVERSION = YES;
				CLANG_WARN_INFINITE_RECURSION = YES;
				CLANG_WARN_INT_CONVERSION = YES;
				CLANG_WARN_NON_LITERAL_NULL_CONVERSION = YES;
				CLANG_WARN_OBJC_LITERAL_CONVERSION = YES;
				CLANG_WARN_OBJC_ROOT_CLASS = YES_ERROR;
				CLANG_WARN_RANGE_LOOP_ANALYSIS = YES;
				CLANG_WARN_STRICT_PROTOTYPES = YES;
				CLANG_WARN_SUSPICIOUS_MOVE = YES;
				CLANG_WARN_UNGUARDED_AVAILABILITY = YES_AGGRESSIVE;
				CLANG_WARN_UNREACHABLE_CODE = YES;
				CLANG_WARN__DUPLICATE_METHOD_MATCH = YES;
				CODE_SIGN_IDENTITY = "iPhone Developer";
				COPY_PHASE_STRIP = NO;
				DEBUG_INFORMATION_FORMAT = "dwarf-with-dsym";
				ENABLE_NS_ASSERTIONS = NO;
				ENABLE_STRICT_OBJC_MSGSEND = YES;
				GCC_C_LANGUAGE_STANDARD = gnu11;
				GCC_NO_COMMON_BLOCKS = YES;
				GCC_WARN_64_TO_32_BIT_CONVERSION = YES;
				GCC_WARN_ABOUT_RETURN_TYPE = YES_ERROR;
				GCC_WARN_UNDECLARED_SELECTOR = YES;
				GCC_WARN_UNINITIALIZED_AUTOS = YES_AGGRESSIVE;
				GCC_WARN_UNUSED_FUNCTION = YES;
				GCC_WARN_UNUSED_VARIABLE = YES;
				IPHONEOS_DEPLOYMENT_TARGET = 11.0;
				MTL_ENABLE_DEBUG_INFO = NO;
				SDKROOT = iphoneos;
				SWIFT_OPTIMIZATION_LEVEL = "-Owholemodule";
				VALIDATE_PRODUCT = YES;
			};
			name = Release;
		};
		43EDB3E21FA85CFA00072D83 /* Debug */ = {
			isa = XCBuildConfiguration;
			buildSettings = {
				ASSETCATALOG_COMPILER_APPICON_NAME = AppIcon;
				CODE_SIGN_STYLE = Automatic;
				INFOPLIST_FILE = Subtitle/Info.plist;
				LD_RUNPATH_SEARCH_PATHS = "$(inherited) @executable_path/Frameworks";
				PRODUCT_BUNDLE_IDENTIFIER = me.aliazadeh.Subtitle;
				PRODUCT_NAME = "$(TARGET_NAME)";
				SWIFT_VERSION = 4.0;
				TARGETED_DEVICE_FAMILY = "1,2";
			};
			name = Debug;
		};
		43EDB3E31FA85CFA00072D83 /* Release */ = {
			isa = XCBuildConfiguration;
			buildSettings = {
				ASSETCATALOG_COMPILER_APPICON_NAME = AppIcon;
				CODE_SIGN_STYLE = Automatic;
				INFOPLIST_FILE = Subtitle/Info.plist;
				LD_RUNPATH_SEARCH_PATHS = "$(inherited) @executable_path/Frameworks";
				PRODUCT_BUNDLE_IDENTIFIER = me.aliazadeh.Subtitle;
				PRODUCT_NAME = "$(TARGET_NAME)";
				SWIFT_VERSION = 4.0;
				TARGETED_DEVICE_FAMILY = "1,2";
			};
			name = Release;
		};
/* End XCBuildConfiguration section */

/* Begin XCConfigurationList section */
		43EDB3CA1FA85CFA00072D83 /* Build configuration list for PBXProject "Subtitle" */ = {
			isa = XCConfigurationList;
			buildConfigurations = (
				43EDB3DF1FA85CFA00072D83 /* Debug */,
				43EDB3E01FA85CFA00072D83 /* Release */,
			);
			defaultConfigurationIsVisible = 0;
			defaultConfigurationName = Release;
		};
		43EDB3E11FA85CFA00072D83 /* Build configuration list for PBXNativeTarget "Subtitle" */ = {
			isa = XCConfigurationList;
			buildConfigurations = (
				43EDB3E21FA85CFA00072D83 /* Debug */,
				43EDB3E31FA85CFA00072D83 /* Release */,
			);
			defaultConfigurationIsVisible = 0;
			defaultConfigurationName = Release;
		};
/* End XCConfigurationList section */
	};
	rootObject = 43EDB3C71FA85CFA00072D83 /* Project object */;
}
